
Microsoft Visual Studio Solution File, Format Version 12.00
# Visual Studio Version 16
VisualStudioVersion = 16.0.31019.35
MinimumVisualStudioVersion = 10.0.40219.1
Project("{8BC9CEB8-8B4A-11D0-8D11-00A0C91BC942}") = "OS13_COM", "OS13_COM\OS13_COM.vcxproj", "{C20A75D5-64FB-4C90-B495-9354131E2AB2}"
EndProject
Project("{8BC9CEB8-8B4A-11D0-8D11-00A0C91BC942}") = "Client", "Client\Client.vcxproj", "{3711EE9D-F675-4162-B0F1-02AC606DB446}"
EndProject
Project("{8BC9CEB8-8B4A-11D0-8D11-00A0C91BC942}") = "OS_START", "OS_START\OS_START.vcxproj", "{B7735980-A071-4182-91E0-769A9448E603}"
EndProject
Project("{8BC9CEB8-8B4A-11D0-8D11-00A0C91BC942}") = "OS_INSERT", "OS_INSERT\OS_INSERT.vcxproj", "{38342887-9A01-4FD4-A184-FE3F3395E09B}"
EndProject
Project("{8BC9CEB8-8B4A-11D0-8D11-00A0C91BC942}") = "Update", "Update\Update.vcxproj", "{AC607EB7-5EE7-41EC-8E06-AD8C39AC0B50}"
EndProject
Project("{8BC9CEB8-8B4A-11D0-8D11-00A0C91BC942}") = "Delete", "Delete\Delete.vcxproj", "{8C1259C1-31F8-4EA2-A363-BA3E715287D4}"
EndProject
Project("{8BC9CEB8-8B4A-11D0-8D11-00A0C91BC942}") = "OS13_HTCOM", "OS13_HTCOM\OS13_HTCOM.vcxproj", "{1A57C4B3-CD2E-42A0-92EA-36B2D934A3FB}"
EndProject
Project("{8BC9CEB8-8B4A-11D0-8D11-00A0C91BC942}") = "Stop", "Stop\Stop.vcxproj", "{1D6FF2F1-B09A-478D-9E25-0C694DD19BCE}"
EndProject
Global
	GlobalSection(SolutionConfigurationPlatforms) = preSolution
		Debug|x64 = Debug|x64
		Debug|x86 = Debug|x86
		Release|x64 = Release|x64
		Release|x86 = Release|x86
	EndGlobalSection
	GlobalSection(ProjectConfigurationPlatforms) = postSolution
		{C20A75D5-64FB-4C90-B495-9354131E2AB2}.Debug|x64.ActiveCfg = Debug|x64
		{C20A75D5-64FB-4C90-B495-9354131E2AB2}.Debug|x64.Build.0 = Debug|x64
		{C20A75D5-64FB-4C90-B495-9354131E2AB2}.Debug|x86.ActiveCfg = Debug|Win32
		{C20A75D5-64FB-4C90-B495-9354131E2AB2}.Debug|x86.Build.0 = Debug|Win32
		{C20A75D5-64FB-4C90-B495-9354131E2AB2}.Release|x64.ActiveCfg = Release|x64
		{C20A75D5-64FB-4C90-B495-9354131E2AB2}.Release|x64.Build.0 = Release|x64
		{C20A75D5-64FB-4C90-B495-9354131E2AB2}.Release|x86.ActiveCfg = Release|Win32
		{C20A75D5-64FB-4C90-B495-9354131E2AB2}.Release|x86.Build.0 = Release|Win32
		{3711EE9D-F675-4162-B0F1-02AC606DB446}.Debug|x64.ActiveCfg = Debug|x64
		{3711EE9D-F675-4162-B0F1-02AC606DB446}.Debug|x64.Build.0 = Debug|x64
		{3711EE9D-F675-4162-B0F1-02AC606DB446}.Debug|x86.ActiveCfg = Debug|Win32
		{3711EE9D-F675-4162-B0F1-02AC606DB446}.Debug|x86.Build.0 = Debug|Win32
		{3711EE9D-F675-4162-B0F1-02AC606DB446}.Release|x64.ActiveCfg = Release|x64
		{3711EE9D-F675-4162-B0F1-02AC606DB446}.Release|x64.Build.0 = Release|x64
		{3711EE9D-F675-4162-B0F1-02AC606DB446}.Release|x86.ActiveCfg = Release|Win32
		{3711EE9D-F675-4162-B0F1-02AC606DB446}.Release|x86.Build.0 = Release|Win32
		{B7735980-A071-4182-91E0-769A9448E603}.Debug|x64.ActiveCfg = Debug|x64
		{B7735980-A071-4182-91E0-769A9448E603}.Debug|x64.Build.0 = Debug|x64
		{B7735980-A071-4182-91E0-769A9448E603}.Debug|x86.ActiveCfg = Debug|Win32
		{B7735980-A071-4182-91E0-769A9448E603}.Debug|x86.Build.0 = Debug|Win32
		{B7735980-A071-4182-91E0-769A9448E603}.Release|x64.ActiveCfg = Release|x64
		{B7735980-A071-4182-91E0-769A9448E603}.Release|x64.Build.0 = Release|x64
		{B7735980-A071-4182-91E0-769A9448E603}.Release|x86.ActiveCfg = Release|Win32
		{B7735980-A071-4182-91E0-769A9448E603}.Release|x86.Build.0 = Release|Win32
		{38342887-9A01-4FD4-A184-FE3F3395E09B}.Debug|x64.ActiveCfg = Debug|x64
		{38342887-9A01-4FD4-A184-FE3F3395E09B}.Debug|x64.Build.0 = Debug|x64
		{38342887-9A01-4FD4-A184-FE3F3395E09B}.Debug|x86.ActiveCfg = Debug|Win32
		{38342887-9A01-4FD4-A184-FE3F3395E09B}.Debug|x86.Build.0 = Debug|Win32
		{38342887-9A01-4FD4-A184-FE3F3395E09B}.Release|x64.ActiveCfg = Release|x64
		{38342887-9A01-4FD4-A184-FE3F3395E09B}.Release|x64.Build.0 = Release|x64
		{38342887-9A01-4FD4-A184-FE3F3395E09B}.Release|x86.ActiveCfg = Release|Win32
		{38342887-9A01-4FD4-A184-FE3F3395E09B}.Release|x86.Build.0 = Release|Win32
		{AC607EB7-5EE7-41EC-8E06-AD8C39AC0B50}.Debug|x64.ActiveCfg = Debug|x64
		{AC607EB7-5EE7-41EC-8E06-AD8C39AC0B50}.Debug|x64.Build.0 = Debug|x64
		{AC607EB7-5EE7-41EC-8E06-AD8C39AC0B50}.Debug|x86.ActiveCfg = Debug|Win32
		{AC607EB7-5EE7-41EC-8E06-AD8C39AC0B50}.Debug|x86.Build.0 = Debug|Win32
		{AC607EB7-5EE7-41EC-8E06-AD8C39AC0B50}.Release|x64.ActiveCfg = Release|x64
		{AC607EB7-5EE7-41EC-8E06-AD8C39AC0B50}.Release|x64.Build.0 = Release|x64
		{AC607EB7-5EE7-41EC-8E06-AD8C39AC0B50}.Release|x86.ActiveCfg = Release|Win32
		{AC607EB7-5EE7-41EC-8E06-AD8C39AC0B50}.Release|x86.Build.0 = Release|Win32
		{8C1259C1-31F8-4EA2-A363-BA3E715287D4}.Debug|x64.ActiveCfg = Debug|x64
		{8C1259C1-31F8-4EA2-A363-BA3E715287D4}.Debug|x64.Build.0 = Debug|x64
		{8C1259C1-31F8-4EA2-A363-BA3E715287D4}.Debug|x86.ActiveCfg = Debug|Win32
		{8C1259C1-31F8-4EA2-A363-BA3E715287D4}.Debug|x86.Build.0 = Debug|Win32
		{8C1259C1-31F8-4EA2-A363-BA3E715287D4}.Release|x64.ActiveCfg = Release|x64
		{8C1259C1-31F8-4EA2-A363-BA3E715287D4}.Release|x64.Build.0 = Release|x64
		{8C1259C1-31F8-4EA2-A363-BA3E715287D4}.Release|x86.ActiveCfg = Release|Win32
		{8C1259C1-31F8-4EA2-A363-BA3E715287D4}.Release|x86.Build.0 = Release|Win32
		{1A57C4B3-CD2E-42A0-92EA-36B2D934A3FB}.Debug|x64.ActiveCfg = Debug|x64
		{1A57C4B3-CD2E-42A0-92EA-36B2D934A3FB}.Debug|x64.Build.0 = Debug|x64
		{1A57C4B3-CD2E-42A0-92EA-36B2D934A3FB}.Debug|x86.ActiveCfg = Debug|Win32
		{1A57C4B3-CD2E-42A0-92EA-36B2D934A3FB}.Debug|x86.Build.0 = Debug|Win32
		{1A57C4B3-CD2E-42A0-92EA-36B2D934A3FB}.Release|x64.ActiveCfg = Release|x64
		{1A57C4B3-CD2E-42A0-92EA-36B2D934A3FB}.Release|x64.Build.0 = Release|x64
		{1A57C4B3-CD2E-42A0-92EA-36B2D934A3FB}.Release|x86.ActiveCfg = Release|Win32
		{1A57C4B3-CD2E-42A0-92EA-36B2D934A3FB}.Release|x86.Build.0 = Release|Win32
		{1D6FF2F1-B09A-478D-9E25-0C694DD19BCE}.Debug|x64.ActiveCfg = Debug|x64
		{1D6FF2F1-B09A-478D-9E25-0C694DD19BCE}.Debug|x64.Build.0 = Debug|x64
		{1D6FF2F1-B09A-478D-9E25-0C694DD19BCE}.Debug|x86.ActiveCfg = Debug|Win32
		{1D6FF2F1-B09A-478D-9E25-0C694DD19BCE}.Debug|x86.Build.0 = Debug|Win32
		{1D6FF2F1-B09A-478D-9E25-0C694DD19BCE}.Release|x64.ActiveCfg = Release|x64
		{1D6FF2F1-B09A-478D-9E25-0C694DD19BCE}.Release|x64.Build.0 = Release|x64
		{1D6FF2F1-B09A-478D-9E25-0C694DD19BCE}.Release|x86.ActiveCfg = Release|Win32
		{1D6FF2F1-B09A-478D-9E25-0C694DD19BCE}.Release|x86.Build.0 = Release|Win32
	EndGlobalSection
	GlobalSection(SolutionProperties) = preSolution
		HideSolutionNode = FALSE
	EndGlobalSection
	GlobalSection(ExtensibilityGlobals) = postSolution
		SolutionGuid = {FAA28F6B-3C8B-4663-B08F-534D664BC334}
	EndGlobalSection
EndGlobal
