
Microsoft Visual Studio Solution File, Format Version 12.00
# Visual Studio Version 16
VisualStudioVersion = 16.0.30907.101
MinimumVisualStudioVersion = 10.0.40219.1
Project("{FAE04EC0-301F-11D3-BF4B-00C04F79EFBC}") = "BAA_Lab1", "BAA_Lab1\BAA_Lab1.csproj", "{936786FD-6A1C-4936-B208-5DA422505BDB}"
EndProject
Global
	GlobalSection(SolutionConfigurationPlatforms) = preSolution
		Debug|Any CPU = Debug|Any CPU
		Release|Any CPU = Release|Any CPU
	EndGlobalSection
	GlobalSection(ProjectConfigurationPlatforms) = postSolution
		{936786FD-6A1C-4936-B208-5DA422505BDB}.Debug|Any CPU.ActiveCfg = Debug|Any CPU
		{936786FD-6A1C-4936-B208-5DA422505BDB}.Debug|Any CPU.Build.0 = Debug|Any CPU
		{936786FD-6A1C-4936-B208-5DA422505BDB}.Release|Any CPU.ActiveCfg = Release|Any CPU
		{936786FD-6A1C-4936-B208-5DA422505BDB}.Release|Any CPU.Build.0 = Release|Any CPU
	EndGlobalSection
	GlobalSection(SolutionProperties) = preSolution
		HideSolutionNode = FALSE
	EndGlobalSection
	GlobalSection(ExtensibilityGlobals) = postSolution
		SolutionGuid = {58C9B8AD-E4C9-4535-BCAF-8A1EC4E51C23}
	EndGlobalSection
EndGlobal
