
Microsoft Visual Studio Solution File, Format Version 12.00
# Visual Studio Version 16
VisualStudioVersion = 16.0.31019.35
MinimumVisualStudioVersion = 10.0.40219.1
Project("{FAE04EC0-301F-11D3-BF4B-00C04F79EFBC}") = "lab3", "lab3\lab3.csproj", "{59B7E710-2DED-456E-9CED-6D5327046D58}"
EndProject
Project("{FAE04EC0-301F-11D3-BF4B-00C04F79EFBC}") = "lab4", "lab4\lab4.csproj", "{FE92E167-9458-4E27-86C8-E776AD89385F}"
EndProject
Project("{FAE04EC0-301F-11D3-BF4B-00C04F79EFBC}") = "PhoneDictionary", "PhoneDictionary\PhoneDictionary.csproj", "{B4A2FE5B-6C01-4D95-A96E-14A2CA23E795}"
EndProject
Project("{FAE04EC0-301F-11D3-BF4B-00C04F79EFBC}") = "JSON_DB", "JSON_DB\JSON_DB.csproj", "{E67EE876-A71A-411B-80C6-79C947A6CB2A}"
EndProject
Project("{FAE04EC0-301F-11D3-BF4B-00C04F79EFBC}") = "MSSQL", "MSSQL\MSSQL.csproj", "{03C5A9FA-4DC2-4FD6-AFF0-D98FDD194F4E}"
EndProject
Global
	GlobalSection(SolutionConfigurationPlatforms) = preSolution
		Debug|Any CPU = Debug|Any CPU
		Release|Any CPU = Release|Any CPU
	EndGlobalSection
	GlobalSection(ProjectConfigurationPlatforms) = postSolution
		{59B7E710-2DED-456E-9CED-6D5327046D58}.Debug|Any CPU.ActiveCfg = Debug|Any CPU
		{59B7E710-2DED-456E-9CED-6D5327046D58}.Debug|Any CPU.Build.0 = Debug|Any CPU
		{59B7E710-2DED-456E-9CED-6D5327046D58}.Release|Any CPU.ActiveCfg = Release|Any CPU
		{59B7E710-2DED-456E-9CED-6D5327046D58}.Release|Any CPU.Build.0 = Release|Any CPU
		{FE92E167-9458-4E27-86C8-E776AD89385F}.Debug|Any CPU.ActiveCfg = Debug|Any CPU
		{FE92E167-9458-4E27-86C8-E776AD89385F}.Debug|Any CPU.Build.0 = Debug|Any CPU
		{FE92E167-9458-4E27-86C8-E776AD89385F}.Release|Any CPU.ActiveCfg = Release|Any CPU
		{FE92E167-9458-4E27-86C8-E776AD89385F}.Release|Any CPU.Build.0 = Release|Any CPU
		{B4A2FE5B-6C01-4D95-A96E-14A2CA23E795}.Debug|Any CPU.ActiveCfg = Debug|Any CPU
		{B4A2FE5B-6C01-4D95-A96E-14A2CA23E795}.Debug|Any CPU.Build.0 = Debug|Any CPU
		{B4A2FE5B-6C01-4D95-A96E-14A2CA23E795}.Release|Any CPU.ActiveCfg = Release|Any CPU
		{B4A2FE5B-6C01-4D95-A96E-14A2CA23E795}.Release|Any CPU.Build.0 = Release|Any CPU
		{E67EE876-A71A-411B-80C6-79C947A6CB2A}.Debug|Any CPU.ActiveCfg = Debug|Any CPU
		{E67EE876-A71A-411B-80C6-79C947A6CB2A}.Debug|Any CPU.Build.0 = Debug|Any CPU
		{E67EE876-A71A-411B-80C6-79C947A6CB2A}.Release|Any CPU.ActiveCfg = Release|Any CPU
		{E67EE876-A71A-411B-80C6-79C947A6CB2A}.Release|Any CPU.Build.0 = Release|Any CPU
		{03C5A9FA-4DC2-4FD6-AFF0-D98FDD194F4E}.Debug|Any CPU.ActiveCfg = Debug|Any CPU
		{03C5A9FA-4DC2-4FD6-AFF0-D98FDD194F4E}.Debug|Any CPU.Build.0 = Debug|Any CPU
		{03C5A9FA-4DC2-4FD6-AFF0-D98FDD194F4E}.Release|Any CPU.ActiveCfg = Release|Any CPU
		{03C5A9FA-4DC2-4FD6-AFF0-D98FDD194F4E}.Release|Any CPU.Build.0 = Release|Any CPU
	EndGlobalSection
	GlobalSection(SolutionProperties) = preSolution
		HideSolutionNode = FALSE
	EndGlobalSection
	GlobalSection(ExtensibilityGlobals) = postSolution
		SolutionGuid = {C6D8625B-5ABB-442D-9D80-8044351AB59D}
	EndGlobalSection
EndGlobal
