
Microsoft Visual Studio Solution File, Format Version 12.00
# Visual Studio 15
VisualStudioVersion = 15.0.27703.1
MinimumVisualStudioVersion = 10.0.40219.1
Project("{FAE04EC0-301F-11D3-BF4B-00C04F79EFBC}") = "Lab2", "Lab2\Lab2.csproj", "{7883C9A1-BE47-45B9-9D98-62E4BC878EFB}"
EndProject
Global
	GlobalSection(SolutionConfigurationPlatforms) = preSolution
		Debug|Any CPU = Debug|Any CPU
		Release|Any CPU = Release|Any CPU
	EndGlobalSection
	GlobalSection(ProjectConfigurationPlatforms) = postSolution
		{7883C9A1-BE47-45B9-9D98-62E4BC878EFB}.Debug|Any CPU.ActiveCfg = Debug|Any CPU
		{7883C9A1-BE47-45B9-9D98-62E4BC878EFB}.Debug|Any CPU.Build.0 = Debug|Any CPU
		{7883C9A1-BE47-45B9-9D98-62E4BC878EFB}.Release|Any CPU.ActiveCfg = Release|Any CPU
		{7883C9A1-BE47-45B9-9D98-62E4BC878EFB}.Release|Any CPU.Build.0 = Release|Any CPU
	EndGlobalSection
	GlobalSection(SolutionProperties) = preSolution
		HideSolutionNode = FALSE
	EndGlobalSection
	GlobalSection(ExtensibilityGlobals) = postSolution
		SolutionGuid = {4B7A2E95-EADD-4E2D-B97E-5CC11BC990DF}
	EndGlobalSection
EndGlobal
