
Microsoft Visual Studio Solution File, Format Version 12.00
# Visual Studio Version 16
VisualStudioVersion = 16.0.31019.35
MinimumVisualStudioVersion = 10.0.40219.1
Project("{8BC9CEB8-8B4A-11D0-8D11-00A0C91BC942}") = "OS11_HTAPI", "OS11_HTAPI\OS11_HTAPI.vcxproj", "{83DECCED-2A18-41DD-BB50-51F1D6035EE4}"
EndProject
Project("{8BC9CEB8-8B4A-11D0-8D11-00A0C91BC942}") = "OS11_CREATE", "OS11_CREATE\OS11_CREATE.vcxproj", "{6BE37734-04DD-4742-80D4-5C8E30FA51F3}"
EndProject
Project("{8BC9CEB8-8B4A-11D0-8D11-00A0C91BC942}") = "OS11_HTAPI_START", "OS11_HTAPI_START\OS11_HTAPI_START.vcxproj", "{D7BD7365-B9DB-4BBD-9F66-FA250F6D5503}"
EndProject
Project("{8BC9CEB8-8B4A-11D0-8D11-00A0C91BC942}") = "OS11_INSERT", "OS11_INSERT\OS11_INSERT.vcxproj", "{F1C262CA-265A-4997-97A1-BF4E0F6D7B36}"
EndProject
Project("{8BC9CEB8-8B4A-11D0-8D11-00A0C91BC942}") = "OS11_GET", "OS11_GET\OS11_GET.vcxproj", "{54692100-6BB2-45DE-B2C7-8417F005CFE2}"
EndProject
Project("{8BC9CEB8-8B4A-11D0-8D11-00A0C91BC942}") = "OS11_UPDATE", "OS11_UPDATE\OS11_UPDATE.vcxproj", "{CE2A45E4-54E0-45A6-8BA0-F843CE854413}"
EndProject
Global
	GlobalSection(SolutionConfigurationPlatforms) = preSolution
		Debug|x64 = Debug|x64
		Debug|x86 = Debug|x86
		Release|x64 = Release|x64
		Release|x86 = Release|x86
	EndGlobalSection
	GlobalSection(ProjectConfigurationPlatforms) = postSolution
		{83DECCED-2A18-41DD-BB50-51F1D6035EE4}.Debug|x64.ActiveCfg = Debug|x64
		{83DECCED-2A18-41DD-BB50-51F1D6035EE4}.Debug|x64.Build.0 = Debug|x64
		{83DECCED-2A18-41DD-BB50-51F1D6035EE4}.Debug|x86.ActiveCfg = Debug|Win32
		{83DECCED-2A18-41DD-BB50-51F1D6035EE4}.Debug|x86.Build.0 = Debug|Win32
		{83DECCED-2A18-41DD-BB50-51F1D6035EE4}.Release|x64.ActiveCfg = Release|x64
		{83DECCED-2A18-41DD-BB50-51F1D6035EE4}.Release|x64.Build.0 = Release|x64
		{83DECCED-2A18-41DD-BB50-51F1D6035EE4}.Release|x86.ActiveCfg = Release|Win32
		{83DECCED-2A18-41DD-BB50-51F1D6035EE4}.Release|x86.Build.0 = Release|Win32
		{6BE37734-04DD-4742-80D4-5C8E30FA51F3}.Debug|x64.ActiveCfg = Debug|x64
		{6BE37734-04DD-4742-80D4-5C8E30FA51F3}.Debug|x64.Build.0 = Debug|x64
		{6BE37734-04DD-4742-80D4-5C8E30FA51F3}.Debug|x86.ActiveCfg = Debug|Win32
		{6BE37734-04DD-4742-80D4-5C8E30FA51F3}.Debug|x86.Build.0 = Debug|Win32
		{6BE37734-04DD-4742-80D4-5C8E30FA51F3}.Release|x64.ActiveCfg = Release|x64
		{6BE37734-04DD-4742-80D4-5C8E30FA51F3}.Release|x64.Build.0 = Release|x64
		{6BE37734-04DD-4742-80D4-5C8E30FA51F3}.Release|x86.ActiveCfg = Release|Win32
		{6BE37734-04DD-4742-80D4-5C8E30FA51F3}.Release|x86.Build.0 = Release|Win32
		{D7BD7365-B9DB-4BBD-9F66-FA250F6D5503}.Debug|x64.ActiveCfg = Debug|x64
		{D7BD7365-B9DB-4BBD-9F66-FA250F6D5503}.Debug|x64.Build.0 = Debug|x64
		{D7BD7365-B9DB-4BBD-9F66-FA250F6D5503}.Debug|x86.ActiveCfg = Debug|Win32
		{D7BD7365-B9DB-4BBD-9F66-FA250F6D5503}.Debug|x86.Build.0 = Debug|Win32
		{D7BD7365-B9DB-4BBD-9F66-FA250F6D5503}.Release|x64.ActiveCfg = Release|x64
		{D7BD7365-B9DB-4BBD-9F66-FA250F6D5503}.Release|x64.Build.0 = Release|x64
		{D7BD7365-B9DB-4BBD-9F66-FA250F6D5503}.Release|x86.ActiveCfg = Release|Win32
		{D7BD7365-B9DB-4BBD-9F66-FA250F6D5503}.Release|x86.Build.0 = Release|Win32
		{F1C262CA-265A-4997-97A1-BF4E0F6D7B36}.Debug|x64.ActiveCfg = Debug|x64
		{F1C262CA-265A-4997-97A1-BF4E0F6D7B36}.Debug|x64.Build.0 = Debug|x64
		{F1C262CA-265A-4997-97A1-BF4E0F6D7B36}.Debug|x86.ActiveCfg = Debug|Win32
		{F1C262CA-265A-4997-97A1-BF4E0F6D7B36}.Debug|x86.Build.0 = Debug|Win32
		{F1C262CA-265A-4997-97A1-BF4E0F6D7B36}.Release|x64.ActiveCfg = Release|x64
		{F1C262CA-265A-4997-97A1-BF4E0F6D7B36}.Release|x64.Build.0 = Release|x64
		{F1C262CA-265A-4997-97A1-BF4E0F6D7B36}.Release|x86.ActiveCfg = Release|Win32
		{F1C262CA-265A-4997-97A1-BF4E0F6D7B36}.Release|x86.Build.0 = Release|Win32
		{54692100-6BB2-45DE-B2C7-8417F005CFE2}.Debug|x64.ActiveCfg = Debug|x64
		{54692100-6BB2-45DE-B2C7-8417F005CFE2}.Debug|x64.Build.0 = Debug|x64
		{54692100-6BB2-45DE-B2C7-8417F005CFE2}.Debug|x86.ActiveCfg = Debug|Win32
		{54692100-6BB2-45DE-B2C7-8417F005CFE2}.Debug|x86.Build.0 = Debug|Win32
		{54692100-6BB2-45DE-B2C7-8417F005CFE2}.Release|x64.ActiveCfg = Release|x64
		{54692100-6BB2-45DE-B2C7-8417F005CFE2}.Release|x64.Build.0 = Release|x64
		{54692100-6BB2-45DE-B2C7-8417F005CFE2}.Release|x86.ActiveCfg = Release|Win32
		{54692100-6BB2-45DE-B2C7-8417F005CFE2}.Release|x86.Build.0 = Release|Win32
		{CE2A45E4-54E0-45A6-8BA0-F843CE854413}.Debug|x64.ActiveCfg = Debug|x64
		{CE2A45E4-54E0-45A6-8BA0-F843CE854413}.Debug|x64.Build.0 = Debug|x64
		{CE2A45E4-54E0-45A6-8BA0-F843CE854413}.Debug|x86.ActiveCfg = Debug|Win32
		{CE2A45E4-54E0-45A6-8BA0-F843CE854413}.Debug|x86.Build.0 = Debug|Win32
		{CE2A45E4-54E0-45A6-8BA0-F843CE854413}.Release|x64.ActiveCfg = Release|x64
		{CE2A45E4-54E0-45A6-8BA0-F843CE854413}.Release|x64.Build.0 = Release|x64
		{CE2A45E4-54E0-45A6-8BA0-F843CE854413}.Release|x86.ActiveCfg = Release|Win32
		{CE2A45E4-54E0-45A6-8BA0-F843CE854413}.Release|x86.Build.0 = Release|Win32
	EndGlobalSection
	GlobalSection(SolutionProperties) = preSolution
		HideSolutionNode = FALSE
	EndGlobalSection
	GlobalSection(ExtensibilityGlobals) = postSolution
		SolutionGuid = {9DBB1FD4-C5A9-4085-9343-823B3189414B}
	EndGlobalSection
EndGlobal
